
Microsoft Visual Studio Solution File, Format Version 12.00
# Visual Studio Version 17
VisualStudioVersion = 17.4.33122.133
MinimumVisualStudioVersion = 10.0.40219.1
Project("{9A19103F-16F7-4668-BE54-9A1E7A4F7556}") = "BlogDemo", "BlogDemo\BlogDemo.csproj", "{34679765-BB98-462C-98E0-D23EF6581312}"
EndProject
Project("{9A19103F-16F7-4668-BE54-9A1E7A4F7556}") = "BusinessLayer", "BusinessLayer\BusinessLayer.csproj", "{643877EA-A7B8-4740-974E-2583A4030414}"
EndProject
Project("{9A19103F-16F7-4668-BE54-9A1E7A4F7556}") = "DataAccessLayer", "DataAccessLayer\DataAccessLayer.csproj", "{0BFCAE07-1242-44EC-AE6D-0F68FDDF87F1}"
EndProject
Project("{9A19103F-16F7-4668-BE54-9A1E7A4F7556}") = "EntityLayer", "EntityLayer\EntityLayer.csproj", "{C2AE71C8-4735-4B3D-A10E-B25CB8294809}"
EndProject
Project("{FAE04EC0-301F-11D3-BF4B-00C04F79EFBC}") = "BlogApıDemo", "BlogApıDemo\BlogApıDemo.csproj", "{2A024051-5907-469E-B765-B712E0143675}"
EndProject
Global
	GlobalSection(SolutionConfigurationPlatforms) = preSolution
		Debug|Any CPU = Debug|Any CPU
		Release|Any CPU = Release|Any CPU
	EndGlobalSection
	GlobalSection(ProjectConfigurationPlatforms) = postSolution
		{34679765-BB98-462C-98E0-D23EF6581312}.Debug|Any CPU.ActiveCfg = Debug|Any CPU
		{34679765-BB98-462C-98E0-D23EF6581312}.Debug|Any CPU.Build.0 = Debug|Any CPU
		{34679765-BB98-462C-98E0-D23EF6581312}.Release|Any CPU.ActiveCfg = Release|Any CPU
		{34679765-BB98-462C-98E0-D23EF6581312}.Release|Any CPU.Build.0 = Release|Any CPU
		{643877EA-A7B8-4740-974E-2583A4030414}.Debug|Any CPU.ActiveCfg = Debug|Any CPU
		{643877EA-A7B8-4740-974E-2583A4030414}.Debug|Any CPU.Build.0 = Debug|Any CPU
		{643877EA-A7B8-4740-974E-2583A4030414}.Release|Any CPU.ActiveCfg = Release|Any CPU
		{643877EA-A7B8-4740-974E-2583A4030414}.Release|Any CPU.Build.0 = Release|Any CPU
		{0BFCAE07-1242-44EC-AE6D-0F68FDDF87F1}.Debug|Any CPU.ActiveCfg = Debug|Any CPU
		{0BFCAE07-1242-44EC-AE6D-0F68FDDF87F1}.Debug|Any CPU.Build.0 = Debug|Any CPU
		{0BFCAE07-1242-44EC-AE6D-0F68FDDF87F1}.Release|Any CPU.ActiveCfg = Release|Any CPU
		{0BFCAE07-1242-44EC-AE6D-0F68FDDF87F1}.Release|Any CPU.Build.0 = Release|Any CPU
		{C2AE71C8-4735-4B3D-A10E-B25CB8294809}.Debug|Any CPU.ActiveCfg = Debug|Any CPU
		{C2AE71C8-4735-4B3D-A10E-B25CB8294809}.Debug|Any CPU.Build.0 = Debug|Any CPU
		{C2AE71C8-4735-4B3D-A10E-B25CB8294809}.Release|Any CPU.ActiveCfg = Release|Any CPU
		{C2AE71C8-4735-4B3D-A10E-B25CB8294809}.Release|Any CPU.Build.0 = Release|Any CPU
		{2A024051-5907-469E-B765-B712E0143675}.Debug|Any CPU.ActiveCfg = Debug|Any CPU
		{2A024051-5907-469E-B765-B712E0143675}.Debug|Any CPU.Build.0 = Debug|Any CPU
		{2A024051-5907-469E-B765-B712E0143675}.Release|Any CPU.ActiveCfg = Release|Any CPU
		{2A024051-5907-469E-B765-B712E0143675}.Release|Any CPU.Build.0 = Release|Any CPU
	EndGlobalSection
	GlobalSection(SolutionProperties) = preSolution
		HideSolutionNode = FALSE
	EndGlobalSection
	GlobalSection(ExtensibilityGlobals) = postSolution
		SolutionGuid = {0C5A91D9-A1E7-4F6A-9068-F9279E183781}
	EndGlobalSection
EndGlobal
